
Microsoft Visual Studio Solution File, Format Version 12.00
# Visual Studio Version 17
VisualStudioVersion = 17.3.32819.101
MinimumVisualStudioVersion = 10.0.40219.1
Project("{9A19103F-16F7-4668-BE54-9A1E7A4F7556}") = "Lab3-database", "Lab3-database\Lab3-database.csproj", "{1E6A40B1-3797-4431-89E8-031BC500E709}"
EndProject
Global
	GlobalSection(SolutionConfigurationPlatforms) = preSolution
		Debug|Any CPU = Debug|Any CPU
		Release|Any CPU = Release|Any CPU
	EndGlobalSection
	GlobalSection(ProjectConfigurationPlatforms) = postSolution
		{1E6A40B1-3797-4431-89E8-031BC500E709}.Debug|Any CPU.ActiveCfg = Debug|Any CPU
		{1E6A40B1-3797-4431-89E8-031BC500E709}.Debug|Any CPU.Build.0 = Debug|Any CPU
		{1E6A40B1-3797-4431-89E8-031BC500E709}.Release|Any CPU.ActiveCfg = Release|Any CPU
		{1E6A40B1-3797-4431-89E8-031BC500E709}.Release|Any CPU.Build.0 = Release|Any CPU
	EndGlobalSection
	GlobalSection(SolutionProperties) = preSolution
		HideSolutionNode = FALSE
	EndGlobalSection
	GlobalSection(ExtensibilityGlobals) = postSolution
		SolutionGuid = {F8656478-8529-40CE-BB46-122CD34AA698}
	EndGlobalSection
EndGlobal
